
Microsoft Visual Studio Solution File, Format Version 12.00
# Visual Studio Version 16
VisualStudioVersion = 16.0.31205.134
MinimumVisualStudioVersion = 10.0.40219.1
Project("{8BC9CEB8-8B4A-11D0-8D11-00A0C91BC942}") = "StrangeEngine_BlankProject", "StrangeEngine_BlankProject\StrangeEngine_BlankProject.vcxproj", "{862D19A6-0AA6-4E4B-ADE6-EAB3BB8AF389}"
EndProject
Global
	GlobalSection(SolutionConfigurationPlatforms) = preSolution
		Debug|x64 = Debug|x64
		Debug|x86 = Debug|x86
		Release|x64 = Release|x64
		Release|x86 = Release|x86
	EndGlobalSection
	GlobalSection(ProjectConfigurationPlatforms) = postSolution
		{862D19A6-0AA6-4E4B-ADE6-EAB3BB8AF389}.Debug|x64.ActiveCfg = Debug|x64
		{862D19A6-0AA6-4E4B-ADE6-EAB3BB8AF389}.Debug|x64.Build.0 = Debug|x64
		{862D19A6-0AA6-4E4B-ADE6-EAB3BB8AF389}.Debug|x86.ActiveCfg = Debug|x64
		{862D19A6-0AA6-4E4B-ADE6-EAB3BB8AF389}.Debug|x86.Build.0 = Debug|x64
		{862D19A6-0AA6-4E4B-ADE6-EAB3BB8AF389}.Release|x64.ActiveCfg = Release|x64
		{862D19A6-0AA6-4E4B-ADE6-EAB3BB8AF389}.Release|x64.Build.0 = Release|x64
		{862D19A6-0AA6-4E4B-ADE6-EAB3BB8AF389}.Release|x86.ActiveCfg = Release|x64
	EndGlobalSection
	GlobalSection(SolutionProperties) = preSolution
		HideSolutionNode = FALSE
	EndGlobalSection
	GlobalSection(ExtensibilityGlobals) = postSolution
		SolutionGuid = {0FE8CA9D-31DD-4808-8FB0-93726FDF1A4B}
	EndGlobalSection
EndGlobal
